
Microsoft Visual Studio Solution File, Format Version 12.00
# Visual Studio 15
VisualStudioVersion = 15.0.26430.16
MinimumVisualStudioVersion = 10.0.40219.1
Project("{FAE04EC0-301F-11D3-BF4B-00C04F79EFBC}") = "XFInputAlertDialogService.Android", "XFInputAlertDialogService\XFInputAlertDialogService.Android\XFInputAlertDialogService.Android.csproj", "{1002EE2E-0B28-4A03-B4F2-EC7FA774D87F}"
EndProject
Project("{FAE04EC0-301F-11D3-BF4B-00C04F79EFBC}") = "XFInputAlertDialogService", "XFInputAlertDialogService\XFInputAlertDialogService\XFInputAlertDialogService.csproj", "{2E9C7D05-6EDE-4FF3-86D2-27BAC59A65D9}"
EndProject
Project("{FAE04EC0-301F-11D3-BF4B-00C04F79EFBC}") = "XFInputAlertDialogService.UWP", "XFInputAlertDialogService\XFInputAlertDialogService.UWP\XFInputAlertDialogService.UWP.csproj", "{C2F93F67-7B4D-4CC8-89AE-E4FC4663DB7A}"
EndProject
Project("{FAE04EC0-301F-11D3-BF4B-00C04F79EFBC}") = "XFInputAlertDialogService.iOS", "XFInputAlertDialogService\XFInputAlertDialogService.iOS\XFInputAlertDialogService.iOS.csproj", "{848B22EC-4762-44D8-873B-02C914D47CE6}"
EndProject
Global
	GlobalSection(SolutionConfigurationPlatforms) = preSolution
		Ad-Hoc|Any CPU = Ad-Hoc|Any CPU
		Ad-Hoc|ARM = Ad-Hoc|ARM
		Ad-Hoc|iPhone = Ad-Hoc|iPhone
		Ad-Hoc|iPhoneSimulator = Ad-Hoc|iPhoneSimulator
		Ad-Hoc|x64 = Ad-Hoc|x64
		Ad-Hoc|x86 = Ad-Hoc|x86
		AppStore|Any CPU = AppStore|Any CPU
		AppStore|ARM = AppStore|ARM
		AppStore|iPhone = AppStore|iPhone
		AppStore|iPhoneSimulator = AppStore|iPhoneSimulator
		AppStore|x64 = AppStore|x64
		AppStore|x86 = AppStore|x86
		Debug|Any CPU = Debug|Any CPU
		Debug|ARM = Debug|ARM
		Debug|iPhone = Debug|iPhone
		Debug|iPhoneSimulator = Debug|iPhoneSimulator
		Debug|x64 = Debug|x64
		Debug|x86 = Debug|x86
		Release|Any CPU = Release|Any CPU
		Release|ARM = Release|ARM
		Release|iPhone = Release|iPhone
		Release|iPhoneSimulator = Release|iPhoneSimulator
		Release|x64 = Release|x64
		Release|x86 = Release|x86
	EndGlobalSection
	GlobalSection(ProjectConfigurationPlatforms) = postSolution
		{1002EE2E-0B28-4A03-B4F2-EC7FA774D87F}.Ad-Hoc|Any CPU.ActiveCfg = Release|Any CPU
		{1002EE2E-0B28-4A03-B4F2-EC7FA774D87F}.Ad-Hoc|Any CPU.Build.0 = Release|Any CPU
		{1002EE2E-0B28-4A03-B4F2-EC7FA774D87F}.Ad-Hoc|Any CPU.Deploy.0 = Release|Any CPU
		{1002EE2E-0B28-4A03-B4F2-EC7FA774D87F}.Ad-Hoc|ARM.ActiveCfg = Release|Any CPU
		{1002EE2E-0B28-4A03-B4F2-EC7FA774D87F}.Ad-Hoc|ARM.Build.0 = Release|Any CPU
		{1002EE2E-0B28-4A03-B4F2-EC7FA774D87F}.Ad-Hoc|ARM.Deploy.0 = Release|Any CPU
		{1002EE2E-0B28-4A03-B4F2-EC7FA774D87F}.Ad-Hoc|iPhone.ActiveCfg = Release|Any CPU
		{1002EE2E-0B28-4A03-B4F2-EC7FA774D87F}.Ad-Hoc|iPhone.Build.0 = Release|Any CPU
		{1002EE2E-0B28-4A03-B4F2-EC7FA774D87F}.Ad-Hoc|iPhone.Deploy.0 = Release|Any CPU
		{1002EE2E-0B28-4A03-B4F2-EC7FA774D87F}.Ad-Hoc|iPhoneSimulator.ActiveCfg = Release|Any CPU
		{1002EE2E-0B28-4A03-B4F2-EC7FA774D87F}.Ad-Hoc|iPhoneSimulator.Build.0 = Release|Any CPU
		{1002EE2E-0B28-4A03-B4F2-EC7FA774D87F}.Ad-Hoc|iPhoneSimulator.Deploy.0 = Release|Any CPU
		{1002EE2E-0B28-4A03-B4F2-EC7FA774D87F}.Ad-Hoc|x64.ActiveCfg = Release|Any CPU
		{1002EE2E-0B28-4A03-B4F2-EC7FA774D87F}.Ad-Hoc|x64.Build.0 = Release|Any CPU
		{1002EE2E-0B28-4A03-B4F2-EC7FA774D87F}.Ad-Hoc|x64.Deploy.0 = Release|Any CPU
		{1002EE2E-0B28-4A03-B4F2-EC7FA774D87F}.Ad-Hoc|x86.ActiveCfg = Release|Any CPU
		{1002EE2E-0B28-4A03-B4F2-EC7FA774D87F}.Ad-Hoc|x86.Build.0 = Release|Any CPU
		{1002EE2E-0B28-4A03-B4F2-EC7FA774D87F}.Ad-Hoc|x86.Deploy.0 = Release|Any CPU
		{1002EE2E-0B28-4A03-B4F2-EC7FA774D87F}.AppStore|Any CPU.ActiveCfg = Release|Any CPU
		{1002EE2E-0B28-4A03-B4F2-EC7FA774D87F}.AppStore|Any CPU.Build.0 = Release|Any CPU
		{1002EE2E-0B28-4A03-B4F2-EC7FA774D87F}.AppStore|Any CPU.Deploy.0 = Release|Any CPU
		{1002EE2E-0B28-4A03-B4F2-EC7FA774D87F}.AppStore|ARM.ActiveCfg = Release|Any CPU
		{1002EE2E-0B28-4A03-B4F2-EC7FA774D87F}.AppStore|ARM.Build.0 = Release|Any CPU
		{1002EE2E-0B28-4A03-B4F2-EC7FA774D87F}.AppStore|ARM.Deploy.0 = Release|Any CPU
		{1002EE2E-0B28-4A03-B4F2-EC7FA774D87F}.AppStore|iPhone.ActiveCfg = Release|Any CPU
		{1002EE2E-0B28-4A03-B4F2-EC7FA774D87F}.AppStore|iPhone.Build.0 = Release|Any CPU
		{1002EE2E-0B28-4A03-B4F2-EC7FA774D87F}.AppStore|iPhone.Deploy.0 = Release|Any CPU
		{1002EE2E-0B28-4A03-B4F2-EC7FA774D87F}.AppStore|iPhoneSimulator.ActiveCfg = Release|Any CPU
		{1002EE2E-0B28-4A03-B4F2-EC7FA774D87F}.AppStore|iPhoneSimulator.Build.0 = Release|Any CPU
		{1002EE2E-0B28-4A03-B4F2-EC7FA774D87F}.AppStore|iPhoneSimulator.Deploy.0 = Release|Any CPU
		{1002EE2E-0B28-4A03-B4F2-EC7FA774D87F}.AppStore|x64.ActiveCfg = Release|Any CPU
		{1002EE2E-0B28-4A03-B4F2-EC7FA774D87F}.AppStore|x64.Build.0 = Release|Any CPU
		{1002EE2E-0B28-4A03-B4F2-EC7FA774D87F}.AppStore|x64.Deploy.0 = Release|Any CPU
		{1002EE2E-0B28-4A03-B4F2-EC7FA774D87F}.AppStore|x86.ActiveCfg = Release|Any CPU
		{1002EE2E-0B28-4A03-B4F2-EC7FA774D87F}.AppStore|x86.Build.0 = Release|Any CPU
		{1002EE2E-0B28-4A03-B4F2-EC7FA774D87F}.AppStore|x86.Deploy.0 = Release|Any CPU
		{1002EE2E-0B28-4A03-B4F2-EC7FA774D87F}.Debug|Any CPU.ActiveCfg = Debug|Any CPU
		{1002EE2E-0B28-4A03-B4F2-EC7FA774D87F}.Debug|Any CPU.Build.0 = Debug|Any CPU
		{1002EE2E-0B28-4A03-B4F2-EC7FA774D87F}.Debug|Any CPU.Deploy.0 = Debug|Any CPU
		{1002EE2E-0B28-4A03-B4F2-EC7FA774D87F}.Debug|ARM.ActiveCfg = Debug|Any CPU
		{1002EE2E-0B28-4A03-B4F2-EC7FA774D87F}.Debug|ARM.Build.0 = Debug|Any CPU
		{1002EE2E-0B28-4A03-B4F2-EC7FA774D87F}.Debug|ARM.Deploy.0 = Debug|Any CPU
		{1002EE2E-0B28-4A03-B4F2-EC7FA774D87F}.Debug|iPhone.ActiveCfg = Debug|Any CPU
		{1002EE2E-0B28-4A03-B4F2-EC7FA774D87F}.Debug|iPhone.Build.0 = Debug|Any CPU
		{1002EE2E-0B28-4A03-B4F2-EC7FA774D87F}.Debug|iPhone.Deploy.0 = Debug|Any CPU
		{1002EE2E-0B28-4A03-B4F2-EC7FA774D87F}.Debug|iPhoneSimulator.ActiveCfg = Debug|Any CPU
		{1002EE2E-0B28-4A03-B4F2-EC7FA774D87F}.Debug|iPhoneSimulator.Build.0 = Debug|Any CPU
		{1002EE2E-0B28-4A03-B4F2-EC7FA774D87F}.Debug|iPhoneSimulator.Deploy.0 = Debug|Any CPU
		{1002EE2E-0B28-4A03-B4F2-EC7FA774D87F}.Debug|x64.ActiveCfg = Debug|Any CPU
		{1002EE2E-0B28-4A03-B4F2-EC7FA774D87F}.Debug|x64.Build.0 = Debug|Any CPU
		{1002EE2E-0B28-4A03-B4F2-EC7FA774D87F}.Debug|x64.Deploy.0 = Debug|Any CPU
		{1002EE2E-0B28-4A03-B4F2-EC7FA774D87F}.Debug|x86.ActiveCfg = Debug|Any CPU
		{1002EE2E-0B28-4A03-B4F2-EC7FA774D87F}.Debug|x86.Build.0 = Debug|Any CPU
		{1002EE2E-0B28-4A03-B4F2-EC7FA774D87F}.Debug|x86.Deploy.0 = Debug|Any CPU
		{1002EE2E-0B28-4A03-B4F2-EC7FA774D87F}.Release|Any CPU.ActiveCfg = Release|Any CPU
		{1002EE2E-0B28-4A03-B4F2-EC7FA774D87F}.Release|Any CPU.Build.0 = Release|Any CPU
		{1002EE2E-0B28-4A03-B4F2-EC7FA774D87F}.Release|Any CPU.Deploy.0 = Release|Any CPU
		{1002EE2E-0B28-4A03-B4F2-EC7FA774D87F}.Release|ARM.ActiveCfg = Release|Any CPU
		{1002EE2E-0B28-4A03-B4F2-EC7FA774D87F}.Release|ARM.Build.0 = Release|Any CPU
		{1002EE2E-0B28-4A03-B4F2-EC7FA774D87F}.Release|ARM.Deploy.0 = Release|Any CPU
		{1002EE2E-0B28-4A03-B4F2-EC7FA774D87F}.Release|iPhone.ActiveCfg = Release|Any CPU
		{1002EE2E-0B28-4A03-B4F2-EC7FA774D87F}.Release|iPhone.Build.0 = Release|Any CPU
		{1002EE2E-0B28-4A03-B4F2-EC7FA774D87F}.Release|iPhone.Deploy.0 = Release|Any CPU
		{1002EE2E-0B28-4A03-B4F2-EC7FA774D87F}.Release|iPhoneSimulator.ActiveCfg = Release|Any CPU
		{1002EE2E-0B28-4A03-B4F2-EC7FA774D87F}.Release|iPhoneSimulator.Build.0 = Release|Any CPU
		{1002EE2E-0B28-4A03-B4F2-EC7FA774D87F}.Release|iPhoneSimulator.Deploy.0 = Release|Any CPU
		{1002EE2E-0B28-4A03-B4F2-EC7FA774D87F}.Release|x64.ActiveCfg = Release|Any CPU
		{1002EE2E-0B28-4A03-B4F2-EC7FA774D87F}.Release|x64.Build.0 = Release|Any CPU
		{1002EE2E-0B28-4A03-B4F2-EC7FA774D87F}.Release|x64.Deploy.0 = Release|Any CPU
		{1002EE2E-0B28-4A03-B4F2-EC7FA774D87F}.Release|x86.ActiveCfg = Release|Any CPU
		{1002EE2E-0B28-4A03-B4F2-EC7FA774D87F}.Release|x86.Build.0 = Release|Any CPU
		{1002EE2E-0B28-4A03-B4F2-EC7FA774D87F}.Release|x86.Deploy.0 = Release|Any CPU
		{2E9C7D05-6EDE-4FF3-86D2-27BAC59A65D9}.Ad-Hoc|Any CPU.ActiveCfg = Release|Any CPU
		{2E9C7D05-6EDE-4FF3-86D2-27BAC59A65D9}.Ad-Hoc|Any CPU.Build.0 = Release|Any CPU
		{2E9C7D05-6EDE-4FF3-86D2-27BAC59A65D9}.Ad-Hoc|ARM.ActiveCfg = Release|Any CPU
		{2E9C7D05-6EDE-4FF3-86D2-27BAC59A65D9}.Ad-Hoc|ARM.Build.0 = Release|Any CPU
		{2E9C7D05-6EDE-4FF3-86D2-27BAC59A65D9}.Ad-Hoc|iPhone.ActiveCfg = Release|Any CPU
		{2E9C7D05-6EDE-4FF3-86D2-27BAC59A65D9}.Ad-Hoc|iPhone.Build.0 = Release|Any CPU
		{2E9C7D05-6EDE-4FF3-86D2-27BAC59A65D9}.Ad-Hoc|iPhoneSimulator.ActiveCfg = Release|Any CPU
		{2E9C7D05-6EDE-4FF3-86D2-27BAC59A65D9}.Ad-Hoc|iPhoneSimulator.Build.0 = Release|Any CPU
		{2E9C7D05-6EDE-4FF3-86D2-27BAC59A65D9}.Ad-Hoc|x64.ActiveCfg = Release|Any CPU
		{2E9C7D05-6EDE-4FF3-86D2-27BAC59A65D9}.Ad-Hoc|x64.Build.0 = Release|Any CPU
		{2E9C7D05-6EDE-4FF3-86D2-27BAC59A65D9}.Ad-Hoc|x86.ActiveCfg = Release|Any CPU
		{2E9C7D05-6EDE-4FF3-86D2-27BAC59A65D9}.Ad-Hoc|x86.Build.0 = Release|Any CPU
		{2E9C7D05-6EDE-4FF3-86D2-27BAC59A65D9}.AppStore|Any CPU.ActiveCfg = Release|Any CPU
		{2E9C7D05-6EDE-4FF3-86D2-27BAC59A65D9}.AppStore|Any CPU.Build.0 = Release|Any CPU
		{2E9C7D05-6EDE-4FF3-86D2-27BAC59A65D9}.AppStore|ARM.ActiveCfg = Release|Any CPU
		{2E9C7D05-6EDE-4FF3-86D2-27BAC59A65D9}.AppStore|ARM.Build.0 = Release|Any CPU
		{2E9C7D05-6EDE-4FF3-86D2-27BAC59A65D9}.AppStore|iPhone.ActiveCfg = Release|Any CPU
		{2E9C7D05-6EDE-4FF3-86D2-27BAC59A65D9}.AppStore|iPhone.Build.0 = Release|Any CPU
		{2E9C7D05-6EDE-4FF3-86D2-27BAC59A65D9}.AppStore|iPhoneSimulator.ActiveCfg = Release|Any CPU
		{2E9C7D05-6EDE-4FF3-86D2-27BAC59A65D9}.AppStore|iPhoneSimulator.Build.0 = Release|Any CPU
		{2E9C7D05-6EDE-4FF3-86D2-27BAC59A65D9}.AppStore|x64.ActiveCfg = Release|Any CPU
		{2E9C7D05-6EDE-4FF3-86D2-27BAC59A65D9}.AppStore|x64.Build.0 = Release|Any CPU
		{2E9C7D05-6EDE-4FF3-86D2-27BAC59A65D9}.AppStore|x86.ActiveCfg = Release|Any CPU
		{2E9C7D05-6EDE-4FF3-86D2-27BAC59A65D9}.AppStore|x86.Build.0 = Release|Any CPU
		{2E9C7D05-6EDE-4FF3-86D2-27BAC59A65D9}.Debug|Any CPU.ActiveCfg = Debug|Any CPU
		{2E9C7D05-6EDE-4FF3-86D2-27BAC59A65D9}.Debug|Any CPU.Build.0 = Debug|Any CPU
		{2E9C7D05-6EDE-4FF3-86D2-27BAC59A65D9}.Debug|ARM.ActiveCfg = Debug|Any CPU
		{2E9C7D05-6EDE-4FF3-86D2-27BAC59A65D9}.Debug|ARM.Build.0 = Debug|Any CPU
		{2E9C7D05-6EDE-4FF3-86D2-27BAC59A65D9}.Debug|iPhone.ActiveCfg = Debug|Any CPU
		{2E9C7D05-6EDE-4FF3-86D2-27BAC59A65D9}.Debug|iPhone.Build.0 = Debug|Any CPU
		{2E9C7D05-6EDE-4FF3-86D2-27BAC59A65D9}.Debug|iPhoneSimulator.ActiveCfg = Debug|Any CPU
		{2E9C7D05-6EDE-4FF3-86D2-27BAC59A65D9}.Debug|iPhoneSimulator.Build.0 = Debug|Any CPU
		{2E9C7D05-6EDE-4FF3-86D2-27BAC59A65D9}.Debug|x64.ActiveCfg = Debug|Any CPU
		{2E9C7D05-6EDE-4FF3-86D2-27BAC59A65D9}.Debug|x64.Build.0 = Debug|Any CPU
		{2E9C7D05-6EDE-4FF3-86D2-27BAC59A65D9}.Debug|x86.ActiveCfg = Debug|Any CPU
		{2E9C7D05-6EDE-4FF3-86D2-27BAC59A65D9}.Debug|x86.Build.0 = Debug|Any CPU
		{2E9C7D05-6EDE-4FF3-86D2-27BAC59A65D9}.Release|Any CPU.ActiveCfg = Release|Any CPU
		{2E9C7D05-6EDE-4FF3-86D2-27BAC59A65D9}.Release|Any CPU.Build.0 = Release|Any CPU
		{2E9C7D05-6EDE-4FF3-86D2-27BAC59A65D9}.Release|ARM.ActiveCfg = Release|Any CPU
		{2E9C7D05-6EDE-4FF3-86D2-27BAC59A65D9}.Release|ARM.Build.0 = Release|Any CPU
		{2E9C7D05-6EDE-4FF3-86D2-27BAC59A65D9}.Release|iPhone.ActiveCfg = Release|Any CPU
		{2E9C7D05-6EDE-4FF3-86D2-27BAC59A65D9}.Release|iPhone.Build.0 = Release|Any CPU
		{2E9C7D05-6EDE-4FF3-86D2-27BAC59A65D9}.Release|iPhoneSimulator.ActiveCfg = Release|Any CPU
		{2E9C7D05-6EDE-4FF3-86D2-27BAC59A65D9}.Release|iPhoneSimulator.Build.0 = Release|Any CPU
		{2E9C7D05-6EDE-4FF3-86D2-27BAC59A65D9}.Release|x64.ActiveCfg = Release|Any CPU
		{2E9C7D05-6EDE-4FF3-86D2-27BAC59A65D9}.Release|x64.Build.0 = Release|Any CPU
		{2E9C7D05-6EDE-4FF3-86D2-27BAC59A65D9}.Release|x86.ActiveCfg = Release|Any CPU
		{2E9C7D05-6EDE-4FF3-86D2-27BAC59A65D9}.Release|x86.Build.0 = Release|Any CPU
		{C2F93F67-7B4D-4CC8-89AE-E4FC4663DB7A}.Ad-Hoc|Any CPU.ActiveCfg = Release|x86
		{C2F93F67-7B4D-4CC8-89AE-E4FC4663DB7A}.Ad-Hoc|Any CPU.Build.0 = Release|x86
		{C2F93F67-7B4D-4CC8-89AE-E4FC4663DB7A}.Ad-Hoc|Any CPU.Deploy.0 = Release|x86
		{C2F93F67-7B4D-4CC8-89AE-E4FC4663DB7A}.Ad-Hoc|ARM.ActiveCfg = Release|ARM
		{C2F93F67-7B4D-4CC8-89AE-E4FC4663DB7A}.Ad-Hoc|ARM.Build.0 = Release|ARM
		{C2F93F67-7B4D-4CC8-89AE-E4FC4663DB7A}.Ad-Hoc|ARM.Deploy.0 = Release|ARM
		{C2F93F67-7B4D-4CC8-89AE-E4FC4663DB7A}.Ad-Hoc|iPhone.ActiveCfg = Release|x86
		{C2F93F67-7B4D-4CC8-89AE-E4FC4663DB7A}.Ad-Hoc|iPhone.Build.0 = Release|x86
		{C2F93F67-7B4D-4CC8-89AE-E4FC4663DB7A}.Ad-Hoc|iPhone.Deploy.0 = Release|x86
		{C2F93F67-7B4D-4CC8-89AE-E4FC4663DB7A}.Ad-Hoc|iPhoneSimulator.ActiveCfg = Release|x86
		{C2F93F67-7B4D-4CC8-89AE-E4FC4663DB7A}.Ad-Hoc|iPhoneSimulator.Build.0 = Release|x86
		{C2F93F67-7B4D-4CC8-89AE-E4FC4663DB7A}.Ad-Hoc|iPhoneSimulator.Deploy.0 = Release|x86
		{C2F93F67-7B4D-4CC8-89AE-E4FC4663DB7A}.Ad-Hoc|x64.ActiveCfg = Release|x64
		{C2F93F67-7B4D-4CC8-89AE-E4FC4663DB7A}.Ad-Hoc|x64.Build.0 = Release|x64
		{C2F93F67-7B4D-4CC8-89AE-E4FC4663DB7A}.Ad-Hoc|x64.Deploy.0 = Release|x64
		{C2F93F67-7B4D-4CC8-89AE-E4FC4663DB7A}.Ad-Hoc|x86.ActiveCfg = Release|x86
		{C2F93F67-7B4D-4CC8-89AE-E4FC4663DB7A}.Ad-Hoc|x86.Build.0 = Release|x86
		{C2F93F67-7B4D-4CC8-89AE-E4FC4663DB7A}.Ad-Hoc|x86.Deploy.0 = Release|x86
		{C2F93F67-7B4D-4CC8-89AE-E4FC4663DB7A}.AppStore|Any CPU.ActiveCfg = Release|x86
		{C2F93F67-7B4D-4CC8-89AE-E4FC4663DB7A}.AppStore|Any CPU.Build.0 = Release|x86
		{C2F93F67-7B4D-4CC8-89AE-E4FC4663DB7A}.AppStore|Any CPU.Deploy.0 = Release|x86
		{C2F93F67-7B4D-4CC8-89AE-E4FC4663DB7A}.AppStore|ARM.ActiveCfg = Release|ARM
		{C2F93F67-7B4D-4CC8-89AE-E4FC4663DB7A}.AppStore|ARM.Build.0 = Release|ARM
		{C2F93F67-7B4D-4CC8-89AE-E4FC4663DB7A}.AppStore|ARM.Deploy.0 = Release|ARM
		{C2F93F67-7B4D-4CC8-89AE-E4FC4663DB7A}.AppStore|iPhone.ActiveCfg = Release|x86
		{C2F93F67-7B4D-4CC8-89AE-E4FC4663DB7A}.AppStore|iPhone.Build.0 = Release|x86
		{C2F93F67-7B4D-4CC8-89AE-E4FC4663DB7A}.AppStore|iPhone.Deploy.0 = Release|x86
		{C2F93F67-7B4D-4CC8-89AE-E4FC4663DB7A}.AppStore|iPhoneSimulator.ActiveCfg = Release|x86
		{C2F93F67-7B4D-4CC8-89AE-E4FC4663DB7A}.AppStore|iPhoneSimulator.Build.0 = Release|x86
		{C2F93F67-7B4D-4CC8-89AE-E4FC4663DB7A}.AppStore|iPhoneSimulator.Deploy.0 = Release|x86
		{C2F93F67-7B4D-4CC8-89AE-E4FC4663DB7A}.AppStore|x64.ActiveCfg = Release|x64
		{C2F93F67-7B4D-4CC8-89AE-E4FC4663DB7A}.AppStore|x64.Build.0 = Release|x64
		{C2F93F67-7B4D-4CC8-89AE-E4FC4663DB7A}.AppStore|x64.Deploy.0 = Release|x64
		{C2F93F67-7B4D-4CC8-89AE-E4FC4663DB7A}.AppStore|x86.ActiveCfg = Release|x86
		{C2F93F67-7B4D-4CC8-89AE-E4FC4663DB7A}.AppStore|x86.Build.0 = Release|x86
		{C2F93F67-7B4D-4CC8-89AE-E4FC4663DB7A}.AppStore|x86.Deploy.0 = Release|x86
		{C2F93F67-7B4D-4CC8-89AE-E4FC4663DB7A}.Debug|Any CPU.ActiveCfg = Debug|x86
		{C2F93F67-7B4D-4CC8-89AE-E4FC4663DB7A}.Debug|ARM.ActiveCfg = Debug|ARM
		{C2F93F67-7B4D-4CC8-89AE-E4FC4663DB7A}.Debug|ARM.Build.0 = Debug|ARM
		{C2F93F67-7B4D-4CC8-89AE-E4FC4663DB7A}.Debug|ARM.Deploy.0 = Debug|ARM
		{C2F93F67-7B4D-4CC8-89AE-E4FC4663DB7A}.Debug|iPhone.ActiveCfg = Debug|x86
		{C2F93F67-7B4D-4CC8-89AE-E4FC4663DB7A}.Debug|iPhoneSimulator.ActiveCfg = Debug|x86
		{C2F93F67-7B4D-4CC8-89AE-E4FC4663DB7A}.Debug|x64.ActiveCfg = Debug|x64
		{C2F93F67-7B4D-4CC8-89AE-E4FC4663DB7A}.Debug|x64.Build.0 = Debug|x64
		{C2F93F67-7B4D-4CC8-89AE-E4FC4663DB7A}.Debug|x64.Deploy.0 = Debug|x64
		{C2F93F67-7B4D-4CC8-89AE-E4FC4663DB7A}.Debug|x86.ActiveCfg = Debug|x86
		{C2F93F67-7B4D-4CC8-89AE-E4FC4663DB7A}.Debug|x86.Build.0 = Debug|x86
		{C2F93F67-7B4D-4CC8-89AE-E4FC4663DB7A}.Debug|x86.Deploy.0 = Debug|x86
		{C2F93F67-7B4D-4CC8-89AE-E4FC4663DB7A}.Release|Any CPU.ActiveCfg = Release|x86
		{C2F93F67-7B4D-4CC8-89AE-E4FC4663DB7A}.Release|ARM.ActiveCfg = Release|ARM
		{C2F93F67-7B4D-4CC8-89AE-E4FC4663DB7A}.Release|ARM.Build.0 = Release|ARM
		{C2F93F67-7B4D-4CC8-89AE-E4FC4663DB7A}.Release|ARM.Deploy.0 = Release|ARM
		{C2F93F67-7B4D-4CC8-89AE-E4FC4663DB7A}.Release|iPhone.ActiveCfg = Release|x86
		{C2F93F67-7B4D-4CC8-89AE-E4FC4663DB7A}.Release|iPhoneSimulator.ActiveCfg = Release|x86
		{C2F93F67-7B4D-4CC8-89AE-E4FC4663DB7A}.Release|x64.ActiveCfg = Release|x64
		{C2F93F67-7B4D-4CC8-89AE-E4FC4663DB7A}.Release|x64.Build.0 = Release|x64
		{C2F93F67-7B4D-4CC8-89AE-E4FC4663DB7A}.Release|x64.Deploy.0 = Release|x64
		{C2F93F67-7B4D-4CC8-89AE-E4FC4663DB7A}.Release|x86.ActiveCfg = Release|x86
		{C2F93F67-7B4D-4CC8-89AE-E4FC4663DB7A}.Release|x86.Build.0 = Release|x86
		{C2F93F67-7B4D-4CC8-89AE-E4FC4663DB7A}.Release|x86.Deploy.0 = Release|x86
		{848B22EC-4762-44D8-873B-02C914D47CE6}.Ad-Hoc|Any CPU.ActiveCfg = Ad-Hoc|iPhone
		{848B22EC-4762-44D8-873B-02C914D47CE6}.Ad-Hoc|ARM.ActiveCfg = Ad-Hoc|iPhone
		{848B22EC-4762-44D8-873B-02C914D47CE6}.Ad-Hoc|iPhone.ActiveCfg = Ad-Hoc|iPhone
		{848B22EC-4762-44D8-873B-02C914D47CE6}.Ad-Hoc|iPhone.Build.0 = Ad-Hoc|iPhone
		{848B22EC-4762-44D8-873B-02C914D47CE6}.Ad-Hoc|iPhoneSimulator.ActiveCfg = Ad-Hoc|iPhoneSimulator
		{848B22EC-4762-44D8-873B-02C914D47CE6}.Ad-Hoc|iPhoneSimulator.Build.0 = Ad-Hoc|iPhoneSimulator
		{848B22EC-4762-44D8-873B-02C914D47CE6}.Ad-Hoc|x64.ActiveCfg = Ad-Hoc|iPhone
		{848B22EC-4762-44D8-873B-02C914D47CE6}.Ad-Hoc|x86.ActiveCfg = Ad-Hoc|iPhone
		{848B22EC-4762-44D8-873B-02C914D47CE6}.AppStore|Any CPU.ActiveCfg = AppStore|iPhone
		{848B22EC-4762-44D8-873B-02C914D47CE6}.AppStore|ARM.ActiveCfg = AppStore|iPhone
		{848B22EC-4762-44D8-873B-02C914D47CE6}.AppStore|iPhone.ActiveCfg = AppStore|iPhone
		{848B22EC-4762-44D8-873B-02C914D47CE6}.AppStore|iPhone.Build.0 = AppStore|iPhone
		{848B22EC-4762-44D8-873B-02C914D47CE6}.AppStore|iPhoneSimulator.ActiveCfg = AppStore|iPhoneSimulator
		{848B22EC-4762-44D8-873B-02C914D47CE6}.AppStore|iPhoneSimulator.Build.0 = AppStore|iPhoneSimulator
		{848B22EC-4762-44D8-873B-02C914D47CE6}.AppStore|x64.ActiveCfg = AppStore|iPhone
		{848B22EC-4762-44D8-873B-02C914D47CE6}.AppStore|x86.ActiveCfg = AppStore|iPhone
		{848B22EC-4762-44D8-873B-02C914D47CE6}.Debug|Any CPU.ActiveCfg = Debug|iPhone
		{848B22EC-4762-44D8-873B-02C914D47CE6}.Debug|ARM.ActiveCfg = Debug|iPhone
		{848B22EC-4762-44D8-873B-02C914D47CE6}.Debug|iPhone.ActiveCfg = Debug|iPhone
		{848B22EC-4762-44D8-873B-02C914D47CE6}.Debug|iPhone.Build.0 = Debug|iPhone
		{848B22EC-4762-44D8-873B-02C914D47CE6}.Debug|iPhoneSimulator.ActiveCfg = Debug|iPhoneSimulator
		{848B22EC-4762-44D8-873B-02C914D47CE6}.Debug|iPhoneSimulator.Build.0 = Debug|iPhoneSimulator
		{848B22EC-4762-44D8-873B-02C914D47CE6}.Debug|x64.ActiveCfg = Debug|iPhone
		{848B22EC-4762-44D8-873B-02C914D47CE6}.Debug|x86.ActiveCfg = Debug|iPhone
		{848B22EC-4762-44D8-873B-02C914D47CE6}.Release|Any CPU.ActiveCfg = Release|iPhone
		{848B22EC-4762-44D8-873B-02C914D47CE6}.Release|ARM.ActiveCfg = Release|iPhone
		{848B22EC-4762-44D8-873B-02C914D47CE6}.Release|iPhone.ActiveCfg = Release|iPhone
		{848B22EC-4762-44D8-873B-02C914D47CE6}.Release|iPhone.Build.0 = Release|iPhone
		{848B22EC-4762-44D8-873B-02C914D47CE6}.Release|iPhoneSimulator.ActiveCfg = Release|iPhoneSimulator
		{848B22EC-4762-44D8-873B-02C914D47CE6}.Release|iPhoneSimulator.Build.0 = Release|iPhoneSimulator
		{848B22EC-4762-44D8-873B-02C914D47CE6}.Release|x64.ActiveCfg = Release|iPhone
		{848B22EC-4762-44D8-873B-02C914D47CE6}.Release|x86.ActiveCfg = Release|iPhone
	EndGlobalSection
	GlobalSection(SolutionProperties) = preSolution
		HideSolutionNode = FALSE
	EndGlobalSection
EndGlobal
